// !$*UTF8*$!
{
	archiveVersion = 1;
	classes = {
	};
	objectVersion = 70;
	objects = {

/* Begin PBXBuildFile section */
		2241FA4BAF2F4B913468E367 /* DutchWidget.appex in Embed Foundation Extensions */ = {isa = PBXBuildFile; fileRef = 307C54AAAD4B3056200312EC /* DutchWidget.appex */; settings = {ATTRIBUTES = (RemoveHeadersOnCopy, ); }; };
		8DEE824FF470C937AA46C9EE /* DutchKit in Frameworks */ = {isa = PBXBuildFile; productRef = 57745B100BDD07F5B7402478 /* DutchKit */; };
		8F11BA59F7DDA808F1702CC4 /* DutchKit in Frameworks */ = {isa = PBXBuildFile; productRef = 945F171B06D36DE45BD58D0D /* DutchKit */; };
/* End PBXBuildFile section */

/* Begin PBXContainerItemProxy section */
		3F24A60966D553141DB796CD /* PBXContainerItemProxy */ = {
			isa = PBXContainerItemProxy;
			containerPortal = 4264A94FAA1C3EB9B8DE404A /* Project object */;
			proxyType = 1;
			remoteGlobalIDString = 0A26EE2846D8E1C16D213569;
			remoteInfo = DutchWidget;
		};
		97ED1A83C692615D350C237F /* PBXContainerItemProxy */ = {
			isa = PBXContainerItemProxy;
			containerPortal = 4264A94FAA1C3EB9B8DE404A /* Project object */;
			proxyType = 1;
			remoteGlobalIDString = 4C20D028C782776870760416;
			remoteInfo = Dutch;
		};
		C31702470D27E49F301CC862 /* PBXContainerItemProxy */ = {
			isa = PBXContainerItemProxy;
			containerPortal = 4264A94FAA1C3EB9B8DE404A /* Project object */;
			proxyType = 1;
			remoteGlobalIDString = 4C20D028C782776870760416;
			remoteInfo = Dutch;
		};
/* End PBXContainerItemProxy section */

/* Begin PBXCopyFilesBuildPhase section */
		AC7AECB37A401215706A0E33 /* Embed Foundation Extensions */ = {
			isa = PBXCopyFilesBuildPhase;
			buildActionMask = 2147483647;
			dstPath = "";
			dstSubfolderSpec = 13;
			files = (
				2241FA4BAF2F4B913468E367 /* DutchWidget.appex in Embed Foundation Extensions */,
			);
			name = "Embed Foundation Extensions";
			runOnlyForDeploymentPostprocessing = 0;
		};
/* End PBXCopyFilesBuildPhase section */

/* Begin PBXFileReference section */
		307C54AAAD4B3056200312EC /* DutchWidget.appex */ = {isa = PBXFileReference; explicitFileType = "wrapper.app-extension"; includeInIndex = 0; path = DutchWidget.appex; sourceTree = BUILT_PRODUCTS_DIR; };
		489D8694301764C900E93A9C /* DutchUITests.xctest */ = {isa = PBXFileReference; explicitFileType = wrapper.cfbundle; includeInIndex = 0; path = DutchUITests.xctest; sourceTree = BUILT_PRODUCTS_DIR; };
		48E2ED1C30777C4800D4627F /* Dutch.storekit */ = {isa = PBXFileReference; lastKnownFileType = text; path = Dutch.storekit; sourceTree = "<group>"; };
		A11CE0000000000000000001 /* Dutch.app */ = {isa = PBXFileReference; explicitFileType = wrapper.application; includeInIndex = 0; path = Dutch.app; sourceTree = BUILT_PRODUCTS_DIR; };
		"TEMP_A2F3EC15-8174-4344-8236-8BC53861A71D" /* DutchTests.xctest */ = {isa = PBXFileReference; explicitFileType = wrapper.cfbundle; includeInIndex = 0; path = DutchTests.xctest; sourceTree = BUILT_PRODUCTS_DIR; };
/* End PBXFileReference section */

/* Begin PBXFileSystemSynchronizedRootGroup section */
		5DE20B7994C0AE87A3B2594F /* Shared */ = {isa = PBXFileSystemSynchronizedRootGroup; explicitFileTypes = {}; explicitFolders = (); path = Shared; sourceTree = "<group>"; };
		89F2A2B2A9573005C12CC328 /* DutchWidget */ = {isa = PBXFileSystemSynchronizedRootGroup; explicitFileTypes = {}; explicitFolders = (); path = DutchWidget; sourceTree = "<group>"; };
		96A80BB06A05234F732717D6 /* DutchTests */ = {isa = PBXFileSystemSynchronizedRootGroup; explicitFileTypes = {}; explicitFolders = (); path = DutchTests; sourceTree = "<group>"; };
		9B7E01FF3880605147F3957A /* Dutch */ = {isa = PBXFileSystemSynchronizedRootGroup; explicitFileTypes = {}; explicitFolders = (); path = Dutch; sourceTree = "<group>"; };
		D69418D68C530A14016BD765 /* DutchUITests */ = {isa = PBXFileSystemSynchronizedRootGroup; explicitFileTypes = {}; explicitFolders = (); path = DutchUITests; sourceTree = "<group>"; };
/* End PBXFileSystemSynchronizedRootGroup section */

/* Begin PBXFrameworksBuildPhase section */
		369ACEAD0969A364FC04872C /* Frameworks */ = {
			isa = PBXFrameworksBuildPhase;
			buildActionMask = 2147483647;
			files = (
				8F11BA59F7DDA808F1702CC4 /* DutchKit in Frameworks */,
			);
			runOnlyForDeploymentPostprocessing = 0;
		};
		3BAE82E7FCE91D4BD2A72342 /* Frameworks */ = {
			isa = PBXFrameworksBuildPhase;
			buildActionMask = 2147483647;
			files = (
			);
			runOnlyForDeploymentPostprocessing = 0;
		};
		842784C52907046AAAC3F2BF /* Frameworks */ = {
			isa = PBXFrameworksBuildPhase;
			buildActionMask = 2147483647;
			files = (
			);
			runOnlyForDeploymentPostprocessing = 0;
		};
		DA57E90067D479B352030BAD /* Frameworks */ = {
			isa = PBXFrameworksBuildPhase;
			buildActionMask = 2147483647;
			files = (
				8DEE824FF470C937AA46C9EE /* DutchKit in Frameworks */,
			);
			runOnlyForDeploymentPostprocessing = 0;
		};
/* End PBXFrameworksBuildPhase section */

/* Begin PBXGroup section */
		A11CE0000000000000000002 /* Products */ = {
			isa = PBXGroup;
			children = (
				A11CE0000000000000000001 /* Dutch.app */,
				"TEMP_A2F3EC15-8174-4344-8236-8BC53861A71D" /* DutchTests.xctest */,
				489D8694301764C900E93A9C /* DutchUITests.xctest */,
				307C54AAAD4B3056200312EC /* DutchWidget.appex */,
			);
			name = Products;
			sourceTree = "<group>";
		};
		DF13B987A43095B2722A20CD = {
			isa = PBXGroup;
			children = (
				48E2ED1C30777C4800D4627F /* Dutch.storekit */,
				A11CE0000000000000000002 /* Products */,
				9B7E01FF3880605147F3957A /* Dutch */,
				96A80BB06A05234F732717D6 /* DutchTests */,
				D69418D68C530A14016BD765 /* DutchUITests */,
				89F2A2B2A9573005C12CC328 /* DutchWidget */,
				5DE20B7994C0AE87A3B2594F /* Shared */,
			);
			sourceTree = "<group>";
		};
/* End PBXGroup section */

/* Begin PBXNativeTarget section */
		0A26EE2846D8E1C16D213569 /* DutchWidget */ = {
			isa = PBXNativeTarget;
			buildConfigurationList = 49BCB607131FE278F17F0FA1 /* Build configuration list for PBXNativeTarget "DutchWidget" */;
			buildPhases = (
				131AAB93936FEBF827013E1B /* Sources */,
				369ACEAD0969A364FC04872C /* Frameworks */,
				0E6DE3FCE4CEEB53D00B96B7 /* Resources */,
			);
			buildRules = (
			);
			dependencies = (
			);
			fileSystemSynchronizedGroups = (
				5DE20B7994C0AE87A3B2594F /* Shared */,
				89F2A2B2A9573005C12CC328 /* DutchWidget */,
			);
			name = DutchWidget;
			packageProductDependencies = (
				945F171B06D36DE45BD58D0D /* DutchKit */,
			);
			productName = DutchWidget;
			productReference = 307C54AAAD4B3056200312EC /* DutchWidget.appex */;
			productType = "com.apple.product-type.app-extension";
		};
		2E6619B0D9BB5EDDA186FE48 /* DutchUITests */ = {
			isa = PBXNativeTarget;
			buildConfigurationList = AE3CF8C0D2F20FD1949B1499 /* Build configuration list for PBXNativeTarget "DutchUITests" */;
			buildPhases = (
				1CD3FEEE409783748A5C53D5 /* Sources */,
				842784C52907046AAAC3F2BF /* Frameworks */,
				DAC27810AD35ABDE7D1A7846 /* Resources */,
			);
			buildRules = (
			);
			dependencies = (
				D96159D4243864A7E7B151DE /* PBXTargetDependency */,
			);
			fileSystemSynchronizedGroups = (
				D69418D68C530A14016BD765 /* DutchUITests */,
			);
			name = DutchUITests;
			packageProductDependencies = (
			);
			productName = DutchUITests;
			productReference = 489D8694301764C900E93A9C /* DutchUITests.xctest */;
			productType = "com.apple.product-type.bundle.ui-testing";
		};
		4C20D028C782776870760416 /* Dutch */ = {
			isa = PBXNativeTarget;
			buildConfigurationList = 3DA521A9AEBE8AF94DAD5202 /* Build configuration list for PBXNativeTarget "Dutch" */;
			buildPhases = (
				E6B5ECC2A4283CE083480F25 /* Sources */,
				DA57E90067D479B352030BAD /* Frameworks */,
				1597231A327FE531BD0358ED /* Resources */,
				AC7AECB37A401215706A0E33 /* Embed Foundation Extensions */,
			);
			buildRules = (
			);
			dependencies = (
				584EEC2A4180C2C11D128297 /* PBXTargetDependency */,
			);
			fileSystemSynchronizedGroups = (
				5DE20B7994C0AE87A3B2594F /* Shared */,
				9B7E01FF3880605147F3957A /* Dutch */,
			);
			name = Dutch;
			packageProductDependencies = (
				57745B100BDD07F5B7402478 /* DutchKit */,
			);
			productName = Dutch;
			productReference = A11CE0000000000000000001 /* Dutch.app */;
			productType = "com.apple.product-type.application";
		};
		F8F51515156E7D94C1B426ED /* DutchTests */ = {
			isa = PBXNativeTarget;
			buildConfigurationList = C73E00BBAC09A02D87691C97 /* Build configuration list for PBXNativeTarget "DutchTests" */;
			buildPhases = (
				CD33C2ED0BBD2BC5D59BADF6 /* Sources */,
				3BAE82E7FCE91D4BD2A72342 /* Frameworks */,
				FC35C9472592F5869493456E /* Resources */,
			);
			buildRules = (
			);
			dependencies = (
				D0D46B9A9742354BF4C5CA9A /* PBXTargetDependency */,
			);
			fileSystemSynchronizedGroups = (
				96A80BB06A05234F732717D6 /* DutchTests */,
			);
			name = DutchTests;
			packageProductDependencies = (
			);
			productName = DutchTests;
			productReference = "TEMP_A2F3EC15-8174-4344-8236-8BC53861A71D" /* DutchTests.xctest */;
			productType = "com.apple.product-type.bundle.unit-test";
		};
/* End PBXNativeTarget section */

/* Begin PBXProject section */
		4264A94FAA1C3EB9B8DE404A /* Project object */ = {
			isa = PBXProject;
			attributes = {
				BuildIndependentTargetsInParallel = YES;
				LastUpgradeCheck = 2700;
			};
			buildConfigurationList = 42C79BCEFCCA6CBED6CF3413 /* Build configuration list for PBXProject "Dutch" */;
			compatibilityVersion = "Xcode 15.0";
			developmentRegion = en;
			hasScannedForEncodings = 0;
			knownRegions = (
				en,
				Base,
				de,
				pl,
				"pt-BR",
				"pt-PT",
			);
			mainGroup = DF13B987A43095B2722A20CD;
			packageReferences = (
				3C0D155B3C38B650597E4670 /* XCLocalSwiftPackageReference "DutchKit" */,
			);
			projectDirPath = "";
			projectRoot = "";
			targets = (
				4C20D028C782776870760416 /* Dutch */,
				F8F51515156E7D94C1B426ED /* DutchTests */,
				2E6619B0D9BB5EDDA186FE48 /* DutchUITests */,
				0A26EE2846D8E1C16D213569 /* DutchWidget */,
			);
		};
/* End PBXProject section */

/* Begin PBXResourcesBuildPhase section */
		0E6DE3FCE4CEEB53D00B96B7 /* Resources */ = {
			isa = PBXResourcesBuildPhase;
			buildActionMask = 2147483647;
			files = (
			);
			runOnlyForDeploymentPostprocessing = 0;
		};
		1597231A327FE531BD0358ED /* Resources */ = {
			isa = PBXResourcesBuildPhase;
			buildActionMask = 2147483647;
			files = (
			);
			runOnlyForDeploymentPostprocessing = 0;
		};
		DAC27810AD35ABDE7D1A7846 /* Resources */ = {
			isa = PBXResourcesBuildPhase;
			buildActionMask = 2147483647;
			files = (
			);
			runOnlyForDeploymentPostprocessing = 0;
		};
		FC35C9472592F5869493456E /* Resources */ = {
			isa = PBXResourcesBuildPhase;
			buildActionMask = 2147483647;
			files = (
			);
			runOnlyForDeploymentPostprocessing = 0;
		};
/* End PBXResourcesBuildPhase section */

/* Begin PBXSourcesBuildPhase section */
		131AAB93936FEBF827013E1B /* Sources */ = {
			isa = PBXSourcesBuildPhase;
			buildActionMask = 2147483647;
			files = (
			);
			runOnlyForDeploymentPostprocessing = 0;
		};
		1CD3FEEE409783748A5C53D5 /* Sources */ = {
			isa = PBXSourcesBuildPhase;
			buildActionMask = 2147483647;
			files = (
			);
			runOnlyForDeploymentPostprocessing = 0;
		};
		CD33C2ED0BBD2BC5D59BADF6 /* Sources */ = {
			isa = PBXSourcesBuildPhase;
			buildActionMask = 2147483647;
			files = (
			);
			runOnlyForDeploymentPostprocessing = 0;
		};
		E6B5ECC2A4283CE083480F25 /* Sources */ = {
			isa = PBXSourcesBuildPhase;
			buildActionMask = 2147483647;
			files = (
			);
			runOnlyForDeploymentPostprocessing = 0;
		};
/* End PBXSourcesBuildPhase section */

/* Begin PBXTargetDependency section */
		584EEC2A4180C2C11D128297 /* PBXTargetDependency */ = {
			isa = PBXTargetDependency;
			target = 0A26EE2846D8E1C16D213569 /* DutchWidget */;
			targetProxy = 3F24A60966D553141DB796CD /* PBXContainerItemProxy */;
		};
		D0D46B9A9742354BF4C5CA9A /* PBXTargetDependency */ = {
			isa = PBXTargetDependency;
			name = Dutch;
			target = 4C20D028C782776870760416 /* Dutch */;
			targetProxy = C31702470D27E49F301CC862 /* PBXContainerItemProxy */;
		};
		D96159D4243864A7E7B151DE /* PBXTargetDependency */ = {
			isa = PBXTargetDependency;
			name = Dutch;
			target = 4C20D028C782776870760416 /* Dutch */;
			targetProxy = 97ED1A83C692615D350C237F /* PBXContainerItemProxy */;
		};
/* End PBXTargetDependency section */

/* Begin XCBuildConfiguration section */
		02F058D6A0FCDE03B3D13E96 /* Debug */ = {
			isa = XCBuildConfiguration;
			buildSettings = {
				ASSETCATALOG_COMPILER_APPICON_NAME = AppIcon;
				ASSETCATALOG_COMPILER_OPTIMIZATION = space;
				ASSETCATALOG_COMPILER_STANDALONE_ICON_BEHAVIOR = none;
				CODE_SIGN_ENTITLEMENTS = Dutch/Dutch.entitlements;
				CODE_SIGN_STYLE = Automatic;
				CURRENT_PROJECT_VERSION = 81;
				GENERATE_INFOPLIST_FILE = YES;
				INFOPLIST_FILE = "Dutch-Info.plist";
				INFOPLIST_KEY_CFBundleDisplayName = Dutch;
				INFOPLIST_KEY_ITSAppUsesNonExemptEncryption = NO;
				INFOPLIST_KEY_LSApplicationCategoryType = "public.app-category.finance";
				INFOPLIST_KEY_NSCameraUsageDescription = "Dutch uses the camera to scan a group's QR code so you can join it.";
				INFOPLIST_KEY_NSLocationWhenInUseUsageDescription = "Dutch reads where you are once, when you tap Nearby on an expense, to suggest the places around you — or the street you are on — as its title.";
				INFOPLIST_KEY_UIApplicationSceneManifest_Generation = YES;
				INFOPLIST_KEY_UIApplicationSupportsIndirectInputEvents = YES;
				INFOPLIST_KEY_UILaunchScreen_Generation = YES;
				INFOPLIST_KEY_UISupportedInterfaceOrientations_iPad = "UIInterfaceOrientationPortrait UIInterfaceOrientationPortraitUpsideDown UIInterfaceOrientationLandscapeLeft UIInterfaceOrientationLandscapeRight";
				INFOPLIST_KEY_UISupportedInterfaceOrientations_iPhone = "UIInterfaceOrientationPortrait UIInterfaceOrientationLandscapeLeft UIInterfaceOrientationLandscapeRight";
				IPHONEOS_DEPLOYMENT_TARGET = 17.0;
				LD_RUNPATH_SEARCH_PATHS = (
					"$(inherited)",
					"@executable_path/Frameworks",
				);
				MARKETING_VERSION = 1.1.8;
				ONLY_ACTIVE_ARCH = YES;
				PRODUCT_BUNDLE_IDENTIFIER = net.smigi.Dutch;
				PRODUCT_NAME = "$(TARGET_NAME)";
				SWIFT_EMIT_LOC_STRINGS = YES;
				SWIFT_OPTIMIZATION_LEVEL = "-Onone";
				TARGETED_DEVICE_FAMILY = "1,2";
			};
			name = Debug;
		};
		2645C395488E9E7AE134A918 /* Debug */ = {
			isa = XCBuildConfiguration;
			buildSettings = {
				GENERATE_INFOPLIST_FILE = YES;
				IPHONEOS_DEPLOYMENT_TARGET = 17.0;
				PRODUCT_BUNDLE_IDENTIFIER = net.smigi.DutchUITests;
				PRODUCT_NAME = DutchUITests;
				TEST_TARGET_NAME = Dutch;
			};
			name = Debug;
		};
		26D8B34BA224545303A768E1 /* Release */ = {
			isa = XCBuildConfiguration;
			buildSettings = {
				BUNDLE_LOADER = "$(TEST_HOST)";
				GENERATE_INFOPLIST_FILE = YES;
				IPHONEOS_DEPLOYMENT_TARGET = 17.0;
				PRODUCT_BUNDLE_IDENTIFIER = net.smigi.DutchTests;
				PRODUCT_NAME = DutchTests;
				TEST_HOST = "$(BUILT_PRODUCTS_DIR)/Dutch.app/$(BUNDLE_EXECUTABLE_FOLDER_PATH)/Dutch";
			};
			name = Release;
		};
		308B3D06CC0CE5B4ECC2802E /* Debug */ = {
			isa = XCBuildConfiguration;
			buildSettings = {
				BUNDLE_LOADER = "$(TEST_HOST)";
				GENERATE_INFOPLIST_FILE = YES;
				IPHONEOS_DEPLOYMENT_TARGET = 17.0;
				PRODUCT_BUNDLE_IDENTIFIER = net.smigi.DutchTests;
				PRODUCT_NAME = DutchTests;
				TEST_HOST = "$(BUILT_PRODUCTS_DIR)/Dutch.app/$(BUNDLE_EXECUTABLE_FOLDER_PATH)/Dutch";
			};
			name = Debug;
		};
		34223641EAC2B5471AB6F5F4 /* Release */ = {
			isa = XCBuildConfiguration;
			buildSettings = {
				APPLICATION_EXTENSION_API_ONLY = YES;
				CODE_SIGN_ENTITLEMENTS = DutchWidget.entitlements;
				CODE_SIGN_STYLE = Automatic;
				CURRENT_PROJECT_VERSION = 81;
				GENERATE_INFOPLIST_FILE = YES;
				INFOPLIST_FILE = "DutchWidget-Info.plist";
				INFOPLIST_KEY_CFBundleDisplayName = Dutch;
				IPHONEOS_DEPLOYMENT_TARGET = 17.0;
				LD_RUNPATH_SEARCH_PATHS = (
					"$(inherited)",
					"@executable_path/Frameworks",
					"@executable_path/../../Frameworks",
				);
				MARKETING_VERSION = 1.1.8;
				PRODUCT_BUNDLE_IDENTIFIER = net.smigi.Dutch.Widget;
				PRODUCT_NAME = "$(TARGET_NAME)";
				SKIP_INSTALL = YES;
				SWIFT_ACTIVE_COMPILATION_CONDITIONS = "$(inherited) WIDGET_EXTENSION";
				SWIFT_EMIT_LOC_STRINGS = YES;
				TARGETED_DEVICE_FAMILY = "1,2";
			};
			name = Release;
		};
		34F8F53977F2DA986FF30451 /* Release */ = {
			isa = XCBuildConfiguration;
			buildSettings = {
				GENERATE_INFOPLIST_FILE = YES;
				IPHONEOS_DEPLOYMENT_TARGET = 17.0;
				PRODUCT_BUNDLE_IDENTIFIER = net.smigi.DutchUITests;
				PRODUCT_NAME = DutchUITests;
				TEST_TARGET_NAME = Dutch;
			};
			name = Release;
		};
		6A18037E2085A2E434368EE2 /* Release */ = {
			isa = XCBuildConfiguration;
			buildSettings = {
				ALWAYS_SEARCH_USER_PATHS = NO;
				ASSETCATALOG_COMPILER_GENERATE_SWIFT_ASSET_SYMBOL_EXTENSIONS = YES;
				CLANG_ANALYZER_NONNULL = YES;
				CLANG_CXX_LANGUAGE_STANDARD = "gnu++20";
				CLANG_ENABLE_MODULES = YES;
				CLANG_ENABLE_OBJC_ARC = YES;
				CLANG_WARN_BLOCK_CAPTURE_AUTORELEASING = YES;
				CLANG_WARN_BOOL_CONVERSION = YES;
				CLANG_WARN_COMMA = YES;
				CLANG_WARN_CONSTANT_CONVERSION = YES;
				CLANG_WARN_DEPRECATED_OBJC_IMPLEMENTATIONS = YES;
				CLANG_WARN_EMPTY_BODY = YES;
				CLANG_WARN_ENUM_CONVERSION = YES;
				CLANG_WARN_INFINITE_RECURSION = YES;
				CLANG_WARN_INT_CONVERSION = YES;
				CLANG_WARN_NON_LITERAL_NULL_CONVERSION = YES;
				CLANG_WARN_OBJC_IMPLICIT_RETAIN_SELF = YES;
				CLANG_WARN_OBJC_LITERAL_CONVERSION = YES;
				CLANG_WARN_QUOTED_INCLUDE_IN_FRAMEWORK_HEADER = YES;
				CLANG_WARN_RANGE_LOOP_ANALYSIS = YES;
				CLANG_WARN_STRICT_PROTOTYPES = YES;
				CLANG_WARN_SUSPICIOUS_MOVE = YES;
				CLANG_WARN_UNREACHABLE_CODE = YES;
				CLANG_WARN__DUPLICATE_METHOD_MATCH = YES;
				COPY_PHASE_STRIP = NO;
				DEBUG_INFORMATION_FORMAT = "dwarf-with-dsym";
				DEVELOPMENT_TEAM = 5TA8RF548P;
				ENABLE_NS_ASSERTIONS = NO;
				ENABLE_STRICT_OBJC_MSGSEND = YES;
				ENABLE_USER_SCRIPT_SANDBOXING = YES;
				GCC_C_LANGUAGE_STANDARD = gnu17;
				GCC_NO_COMMON_BLOCKS = YES;
				GCC_OPTIMIZATION_LEVEL = s;
				GCC_WARN_64_TO_32_BIT_CONVERSION = YES;
				GCC_WARN_ABOUT_RETURN_TYPE = YES;
				GCC_WARN_UNDECLARED_SELECTOR = YES;
				GCC_WARN_UNINITIALIZED_AUTOS = YES;
				GCC_WARN_UNUSED_FUNCTION = YES;
				GCC_WARN_UNUSED_VARIABLE = YES;
				IPHONEOS_DEPLOYMENT_TARGET = 17.0;
				MTL_ENABLE_DEBUG_INFO = NO;
				SDKROOT = iphoneos;
				STRING_CATALOG_GENERATE_SYMBOLS = YES;
				SWIFT_COMPILATION_MODE = wholemodule;
				SWIFT_EMIT_LOC_STRINGS = YES;
				SWIFT_OPTIMIZATION_LEVEL = "-Osize";
				SWIFT_VERSION = 5.0;
				VALIDATE_PRODUCT = YES;
			};
			name = Release;
		};
		710B442F7778195C45272903 /* Release */ = {
			isa = XCBuildConfiguration;
			buildSettings = {
				ASSETCATALOG_COMPILER_APPICON_NAME = AppIcon;
				ASSETCATALOG_COMPILER_OPTIMIZATION = space;
				ASSETCATALOG_COMPILER_STANDALONE_ICON_BEHAVIOR = none;
				CODE_SIGN_ENTITLEMENTS = Dutch/Dutch.entitlements;
				CODE_SIGN_STYLE = Automatic;
				CURRENT_PROJECT_VERSION = 81;
				GENERATE_INFOPLIST_FILE = YES;
				INFOPLIST_FILE = "Dutch-Info.plist";
				INFOPLIST_KEY_CFBundleDisplayName = Dutch;
				INFOPLIST_KEY_ITSAppUsesNonExemptEncryption = NO;
				INFOPLIST_KEY_LSApplicationCategoryType = "public.app-category.finance";
				INFOPLIST_KEY_NSCameraUsageDescription = "Dutch uses the camera to scan a group's QR code so you can join it.";
				INFOPLIST_KEY_NSLocationWhenInUseUsageDescription = "Dutch reads where you are once, when you tap Nearby on an expense, to suggest the places around you — or the street you are on — as its title.";
				INFOPLIST_KEY_UIApplicationSceneManifest_Generation = YES;
				INFOPLIST_KEY_UIApplicationSupportsIndirectInputEvents = YES;
				INFOPLIST_KEY_UILaunchScreen_Generation = YES;
				INFOPLIST_KEY_UISupportedInterfaceOrientations_iPad = "UIInterfaceOrientationPortrait UIInterfaceOrientationPortraitUpsideDown UIInterfaceOrientationLandscapeLeft UIInterfaceOrientationLandscapeRight";
				INFOPLIST_KEY_UISupportedInterfaceOrientations_iPhone = "UIInterfaceOrientationPortrait UIInterfaceOrientationLandscapeLeft UIInterfaceOrientationLandscapeRight";
				IPHONEOS_DEPLOYMENT_TARGET = 17.0;
				LD_RUNPATH_SEARCH_PATHS = (
					"$(inherited)",
					"@executable_path/Frameworks",
				);
				MARKETING_VERSION = 1.1.8;
				PRODUCT_BUNDLE_IDENTIFIER = net.smigi.Dutch;
				PRODUCT_NAME = "$(TARGET_NAME)";
				SWIFT_EMIT_LOC_STRINGS = YES;
				TARGETED_DEVICE_FAMILY = "1,2";
			};
			name = Release;
		};
		A6C0ECB754A890C68A8C7B67 /* Debug */ = {
			isa = XCBuildConfiguration;
			buildSettings = {
				APPLICATION_EXTENSION_API_ONLY = YES;
				CODE_SIGN_ENTITLEMENTS = DutchWidget.entitlements;
				CODE_SIGN_STYLE = Automatic;
				CURRENT_PROJECT_VERSION = 81;
				GENERATE_INFOPLIST_FILE = YES;
				INFOPLIST_FILE = "DutchWidget-Info.plist";
				INFOPLIST_KEY_CFBundleDisplayName = Dutch;
				IPHONEOS_DEPLOYMENT_TARGET = 17.0;
				LD_RUNPATH_SEARCH_PATHS = (
					"$(inherited)",
					"@executable_path/Frameworks",
					"@executable_path/../../Frameworks",
				);
				MARKETING_VERSION = 1.1.8;
				ONLY_ACTIVE_ARCH = YES;
				PRODUCT_BUNDLE_IDENTIFIER = net.smigi.Dutch.Widget;
				PRODUCT_NAME = "$(TARGET_NAME)";
				SKIP_INSTALL = YES;
				SWIFT_ACTIVE_COMPILATION_CONDITIONS = "$(inherited) WIDGET_EXTENSION";
				SWIFT_EMIT_LOC_STRINGS = YES;
				TARGETED_DEVICE_FAMILY = "1,2";
			};
			name = Debug;
		};
		FE2DD619B72E6AE0AA3FD701 /* Debug */ = {
			isa = XCBuildConfiguration;
			buildSettings = {
				ALWAYS_SEARCH_USER_PATHS = NO;
				ASSETCATALOG_COMPILER_GENERATE_SWIFT_ASSET_SYMBOL_EXTENSIONS = YES;
				CLANG_ANALYZER_NONNULL = YES;
				CLANG_CXX_LANGUAGE_STANDARD = "gnu++20";
				CLANG_ENABLE_MODULES = YES;
				CLANG_ENABLE_OBJC_ARC = YES;
				CLANG_WARN_BLOCK_CAPTURE_AUTORELEASING = YES;
				CLANG_WARN_BOOL_CONVERSION = YES;
				CLANG_WARN_COMMA = YES;
				CLANG_WARN_CONSTANT_CONVERSION = YES;
				CLANG_WARN_DEPRECATED_OBJC_IMPLEMENTATIONS = YES;
				CLANG_WARN_EMPTY_BODY = YES;
				CLANG_WARN_ENUM_CONVERSION = YES;
				CLANG_WARN_INFINITE_RECURSION = YES;
				CLANG_WARN_INT_CONVERSION = YES;
				CLANG_WARN_NON_LITERAL_NULL_CONVERSION = YES;
				CLANG_WARN_OBJC_IMPLICIT_RETAIN_SELF = YES;
				CLANG_WARN_OBJC_LITERAL_CONVERSION = YES;
				CLANG_WARN_QUOTED_INCLUDE_IN_FRAMEWORK_HEADER = YES;
				CLANG_WARN_RANGE_LOOP_ANALYSIS = YES;
				CLANG_WARN_STRICT_PROTOTYPES = YES;
				CLANG_WARN_SUSPICIOUS_MOVE = YES;
				CLANG_WARN_UNREACHABLE_CODE = YES;
				CLANG_WARN__DUPLICATE_METHOD_MATCH = YES;
				COPY_PHASE_STRIP = NO;
				DEBUG_INFORMATION_FORMAT = dwarf;
				DEVELOPMENT_TEAM = 5TA8RF548P;
				ENABLE_STRICT_OBJC_MSGSEND = YES;
				ENABLE_TESTABILITY = YES;
				ENABLE_USER_SCRIPT_SANDBOXING = YES;
				GCC_C_LANGUAGE_STANDARD = gnu17;
				GCC_NO_COMMON_BLOCKS = YES;
				GCC_OPTIMIZATION_LEVEL = 0;
				GCC_WARN_64_TO_32_BIT_CONVERSION = YES;
				GCC_WARN_ABOUT_RETURN_TYPE = YES;
				GCC_WARN_UNDECLARED_SELECTOR = YES;
				GCC_WARN_UNINITIALIZED_AUTOS = YES;
				GCC_WARN_UNUSED_FUNCTION = YES;
				GCC_WARN_UNUSED_VARIABLE = YES;
				IPHONEOS_DEPLOYMENT_TARGET = 17.0;
				MTL_ENABLE_DEBUG_INFO = INCLUDE_SOURCE;
				ONLY_ACTIVE_ARCH = YES;
				SDKROOT = iphoneos;
				STRING_CATALOG_GENERATE_SYMBOLS = YES;
				SWIFT_ACTIVE_COMPILATION_CONDITIONS = DEBUG;
				SWIFT_EMIT_LOC_STRINGS = YES;
				SWIFT_OPTIMIZATION_LEVEL = "-Onone";
				SWIFT_VERSION = 5.0;
			};
			name = Debug;
		};
/* End XCBuildConfiguration section */

/* Begin XCConfigurationList section */
		3DA521A9AEBE8AF94DAD5202 /* Build configuration list for PBXNativeTarget "Dutch" */ = {
			isa = XCConfigurationList;
			buildConfigurations = (
				02F058D6A0FCDE03B3D13E96 /* Debug */,
				710B442F7778195C45272903 /* Release */,
			);
			defaultConfigurationIsVisible = 0;
			defaultConfigurationName = Release;
		};
		42C79BCEFCCA6CBED6CF3413 /* Build configuration list for PBXProject "Dutch" */ = {
			isa = XCConfigurationList;
			buildConfigurations = (
				FE2DD619B72E6AE0AA3FD701 /* Debug */,
				6A18037E2085A2E434368EE2 /* Release */,
			);
			defaultConfigurationIsVisible = 0;
			defaultConfigurationName = Release;
		};
		49BCB607131FE278F17F0FA1 /* Build configuration list for PBXNativeTarget "DutchWidget" */ = {
			isa = XCConfigurationList;
			buildConfigurations = (
				A6C0ECB754A890C68A8C7B67 /* Debug */,
				34223641EAC2B5471AB6F5F4 /* Release */,
			);
			defaultConfigurationIsVisible = 0;
			defaultConfigurationName = Release;
		};
		AE3CF8C0D2F20FD1949B1499 /* Build configuration list for PBXNativeTarget "DutchUITests" */ = {
			isa = XCConfigurationList;
			buildConfigurations = (
				2645C395488E9E7AE134A918 /* Debug */,
				34F8F53977F2DA986FF30451 /* Release */,
			);
			defaultConfigurationIsVisible = 0;
			defaultConfigurationName = Release;
		};
		C73E00BBAC09A02D87691C97 /* Build configuration list for PBXNativeTarget "DutchTests" */ = {
			isa = XCConfigurationList;
			buildConfigurations = (
				308B3D06CC0CE5B4ECC2802E /* Debug */,
				26D8B34BA224545303A768E1 /* Release */,
			);
			defaultConfigurationIsVisible = 0;
			defaultConfigurationName = Release;
		};
/* End XCConfigurationList section */

/* Begin XCLocalSwiftPackageReference section */
		3C0D155B3C38B650597E4670 /* XCLocalSwiftPackageReference "DutchKit" */ = {
			isa = XCLocalSwiftPackageReference;
			relativePath = DutchKit;
		};
/* End XCLocalSwiftPackageReference section */

/* Begin XCSwiftPackageProductDependency section */
		57745B100BDD07F5B7402478 /* DutchKit */ = {
			isa = XCSwiftPackageProductDependency;
			productName = DutchKit;
		};
		945F171B06D36DE45BD58D0D /* DutchKit */ = {
			isa = XCSwiftPackageProductDependency;
			productName = DutchKit;
		};
/* End XCSwiftPackageProductDependency section */
	};
	rootObject = 4264A94FAA1C3EB9B8DE404A /* Project object */;
}
